PODS:
  - Capacitor (2.5.0):
    - CapacitorCordova
  - CapacitorCordova (2.5.0)
  - YandexMobileMetrica/Dynamic (3.17.0):
    - YandexMobileMetrica/Dynamic/Core (= 3.17.0)
    - YandexMobileMetrica/Dynamic/Crashes (= 3.17.0)
  - YandexMobileMetrica/Dynamic/Core (3.17.0)
  - YandexMobileMetrica/Dynamic/Crashes (3.17.0):
    - YandexMobileMetrica/Dynamic/Core
  - YandexMobileMetricaPush/Dynamic (1.0.0):
    - YandexMobileMetrica/Dynamic/Core (~> 3.4)

DEPENDENCIES:
  - "Capacitor (from `../node_modules/@capacitor/ios`)"
  - "CapacitorCordova (from `../node_modules/@capacitor/ios`)"
  - YandexMobileMetrica/Dynamic (= 3.17.0)
  - YandexMobileMetricaPush/Dynamic (= 1.0.0)

SPEC REPOS:
  trunk:
    - YandexMobileMetrica
    - YandexMobileMetricaPush

EXTERNAL SOURCES:
  Capacitor:
    :path: "../node_modules/@capacitor/ios"
  CapacitorCordova:
    :path: "../node_modules/@capacitor/ios"

SPEC CHECKSUMS:
  Capacitor: cf2174bec9bfe65f1c956616ac1d94afcef7d24d
  CapacitorCordova: 03d0a19b737e65c94825b20222c804d5467e1c5e
  YandexMobileMetrica: 9e713c16bb6aca0ba63b84c8d7b8b86d32f4ecc4
  YandexMobileMetricaPush: 1e6d59e01bf5f4b1a2d331769ef1dd0465ea91a6

PODFILE CHECKSUM: 3c0373dc302dcf7ac36478f16be2469c09c65f8a

COCOAPODS: 1.10.1
